
Microsoft Visual Studio Solution File, Format Version 12.00
# Visual Studio Version 17
VisualStudioVersion = 17.14.36310.24 d17.14
MinimumVisualStudioVersion = 10.0.40219.1
Project("{FAE04EC0-301F-11D3-BF4B-00C04F79EFBC}") = "Class_and_OOP", "Class_and_OOP\Class_and_OOP.csproj", "{D04B5914-1945-4F92-9C91-7FD4863273B7}"
EndProject
Global
	GlobalSection(SolutionConfigurationPlatforms) = preSolution
		Debug|Any CPU = Debug|Any CPU
		Release|Any CPU = Release|Any CPU
	EndGlobalSection
	GlobalSection(ProjectConfigurationPlatforms) = postSolution
		{D04B5914-1945-4F92-9C91-7FD4863273B7}.Debug|Any CPU.ActiveCfg = Debug|Any CPU
		{D04B5914-1945-4F92-9C91-7FD4863273B7}.Debug|Any CPU.Build.0 = Debug|Any CPU
		{D04B5914-1945-4F92-9C91-7FD4863273B7}.Release|Any CPU.ActiveCfg = Release|Any CPU
		{D04B5914-1945-4F92-9C91-7FD4863273B7}.Release|Any CPU.Build.0 = Release|Any CPU
	EndGlobalSection
	GlobalSection(SolutionProperties) = preSolution
		HideSolutionNode = FALSE
	EndGlobalSection
	GlobalSection(ExtensibilityGlobals) = postSolution
		SolutionGuid = {A0C3D199-8374-467F-B5C9-EE22A979A50B}
	EndGlobalSection
EndGlobal
